
Microsoft Visual Studio Solution File, Format Version 12.00
# Visual Studio Version 16
VisualStudioVersion = 16.0.31613.86
MinimumVisualStudioVersion = 10.0.40219.1
Project("{FAE04EC0-301F-11D3-BF4B-00C04F79EFBC}") = "Dot Net Community", "Dot Net Community\Dot Net Community.csproj", "{23357421-74FE-47A6-881D-B71AC08368DC}"
EndProject
Global
	GlobalSection(SolutionConfigurationPlatforms) = preSolution
		Debug|Any CPU = Debug|Any CPU
		Release|Any CPU = Release|Any CPU
	EndGlobalSection
	GlobalSection(ProjectConfigurationPlatforms) = postSolution
		{23357421-74FE-47A6-881D-B71AC08368DC}.Debug|Any CPU.ActiveCfg = Debug|Any CPU
		{23357421-74FE-47A6-881D-B71AC08368DC}.Debug|Any CPU.Build.0 = Debug|Any CPU
		{23357421-74FE-47A6-881D-B71AC08368DC}.Release|Any CPU.ActiveCfg = Release|Any CPU
		{23357421-74FE-47A6-881D-B71AC08368DC}.Release|Any CPU.Build.0 = Release|Any CPU
	EndGlobalSection
	GlobalSection(SolutionProperties) = preSolution
		HideSolutionNode = FALSE
	EndGlobalSection
	GlobalSection(ExtensibilityGlobals) = postSolution
		SolutionGuid = {8868D22D-7ECA-43FE-8629-BA39111A90BC}
	EndGlobalSection
EndGlobal
